
Microsoft Visual Studio Solution File, Format Version 12.00
# Visual Studio Version 17
VisualStudioVersion = 17.11.35327.3
MinimumVisualStudioVersion = 10.0.40219.1
Project("{9A19103F-16F7-4668-BE54-9A1E7A4F7556}") = "Better Love", "Better Love.csproj", "{F084A23C-6992-490E-A6AF-E7DBD080FDDB}"
EndProject
Global
	GlobalSection(SolutionConfigurationPlatforms) = preSolution
		Debug|Any CPU = Debug|Any CPU
		Release|Any CPU = Release|Any CPU
	EndGlobalSection
	GlobalSection(ProjectConfigurationPlatforms) = postSolution
		{F084A23C-6992-490E-A6AF-E7DBD080FDDB}.Debug|Any CPU.ActiveCfg = Debug|Any CPU
		{F084A23C-6992-490E-A6AF-E7DBD080FDDB}.Debug|Any CPU.Build.0 = Debug|Any CPU
		{F084A23C-6992-490E-A6AF-E7DBD080FDDB}.Release|Any CPU.ActiveCfg = Release|Any CPU
		{F084A23C-6992-490E-A6AF-E7DBD080FDDB}.Release|Any CPU.Build.0 = Release|Any CPU
	EndGlobalSection
	GlobalSection(SolutionProperties) = preSolution
		HideSolutionNode = FALSE
	EndGlobalSection
	GlobalSection(ExtensibilityGlobals) = postSolution
		SolutionGuid = {FDD4AA26-8DDA-4FE7-BEF1-90412330C4D6}
	EndGlobalSection
EndGlobal
